PODS:
  - Au10tixBaseUI (4.6.0):
    - Au10tixCore
  - Au10tixCore (4.6.0)
  - Au10tixDetectorManager (4.6.0):
    - Au10tixCore
  - Au10tixPassiveFaceLivenessKit (4.6.0):
    - Au10tixCore
    - Au10tixDetectorManager
    - Au10tixSourceManager
  - Au10tixPassiveFaceLivenessUI (4.6.0):
    - Au10tixBaseUI
    - Au10tixPassiveFaceLivenessKit
  - Au10tixProofOfAddressUI (4.6.0):
    - Au10tixBaseUI
    - Au10tixSmartDocumentCaptureKit
  - Au10tixSmartDocumentCaptureKit (4.6.0):
    - Au10tixCore
    - Au10tixSourceManager
  - Au10tixSmartDocumentCaptureUI (4.6.0):
    - Au10tixBaseUI
    - Au10tixSmartDocumentCaptureKit
  - Au10tixSourceManager (4.6.0):
    - Au10tixCore
  - Flutter (1.0.0)
  - image_picker_ios (0.0.1):
    - Flutter
  - permission_handler_apple (9.3.0):
    - Flutter
  - sdk_core_flutter (0.0.1):
    - Au10tixBaseUI (= 4.6.0)
    - Au10tixCore (= 4.6.0)
    - Au10tixDetectorManager (= 4.6.0)
    - Au10tixSourceManager (= 4.6.0)
    - Flutter
  - sdk_pfl_flutter (0.0.1):
    - Au10tixPassiveFaceLivenessKit (= 4.6.0)
    - Au10tixPassiveFaceLivenessUI (= 4.6.0)
    - Flutter
    - sdk_core_flutter
  - sdk_sdc_flutter (0.0.1):
    - Au10tixProofOfAddressUI (= 4.6.0)
    - Au10tixSmartDocumentCaptureKit (= 4.6.0)
    - Au10tixSmartDocumentCaptureUI (= 4.6.0)
    - Flutter
    - sdk_core_flutter

DEPENDENCIES:
  - Flutter (from `Flutter`)
  - image_picker_ios (from `.symlinks/plugins/image_picker_ios/ios`)
  - permission_handler_apple (from `.symlinks/plugins/permission_handler_apple/ios`)
  - sdk_core_flutter (from `.symlinks/plugins/sdk_core_flutter/ios`)
  - sdk_pfl_flutter (from `.symlinks/plugins/sdk_pfl_flutter/ios`)
  - sdk_sdc_flutter (from `.symlinks/plugins/sdk_sdc_flutter/ios`)

SPEC REPOS:
  https://github.com/au10tixmobile/iOS_Artifacts_cocoapods_spec.git:
    - Au10tixBaseUI
    - Au10tixCore
    - Au10tixDetectorManager
    - Au10tixPassiveFaceLivenessKit
    - Au10tixPassiveFaceLivenessUI
    - Au10tixProofOfAddressUI
    - Au10tixSmartDocumentCaptureKit
    - Au10tixSmartDocumentCaptureUI
    - Au10tixSourceManager

EXTERNAL SOURCES:
  Flutter:
    :path: Flutter
  image_picker_ios:
    :path: ".symlinks/plugins/image_picker_ios/ios"
  permission_handler_apple:
    :path: ".symlinks/plugins/permission_handler_apple/ios"
  sdk_core_flutter:
    :path: ".symlinks/plugins/sdk_core_flutter/ios"
  sdk_pfl_flutter:
    :path: ".symlinks/plugins/sdk_pfl_flutter/ios"
  sdk_sdc_flutter:
    :path: ".symlinks/plugins/sdk_sdc_flutter/ios"

SPEC CHECKSUMS:
  Au10tixBaseUI: bcff7cdde7606198aec89fe6e5ad9d74dee49745
  Au10tixCore: 9e72d5421cd43148817b587a775e147149914c05
  Au10tixDetectorManager: c56032cb5db2c41ecb3fbba8704c8d5412775b25
  Au10tixPassiveFaceLivenessKit: 692acba8d264bcb81738861b9317664ad9f47bfc
  Au10tixPassiveFaceLivenessUI: 453feddbc4735ae7f102c89b455b7b2a1b1903ed
  Au10tixProofOfAddressUI: 2be5f962dbe136847c7e31de4e5c33de3372f338
  Au10tixSmartDocumentCaptureKit: d790c52b1c26fe42b5f3239917e377e2a251b57a
  Au10tixSmartDocumentCaptureUI: 2fd6c3de92e6dc99272f7bb6eb5d0ad24568d98e
  Au10tixSourceManager: 57b8cd5b03ee4d4e78ce4784e83632ed60a73b66
  Flutter: e0871f40cf51350855a761d2e70bf5af5b9b5de7
  image_picker_ios: 7fe1ff8e34c1790d6fff70a32484959f563a928a
  permission_handler_apple: 4ed2196e43d0651e8ff7ca3483a069d469701f2d
  sdk_core_flutter: c897eb86ba2f4720b2af8b912bb83fdbab972bf0
  sdk_pfl_flutter: 07d204b8fe1f0c2d9d10563bf32680b4f1a21955
  sdk_sdc_flutter: 98c2b1bc7d53dce6df88432f345a89851e05caab

PODFILE CHECKSUM: 8f7363fb8243a2ae318e66a6dac02af26dcde14f

COCOAPODS: 1.16.2
