PODS:
  - Au10tixBaseUI (3.9.0):
    - Au10tixCore
  - Au10tixCore (3.9.0)
  - Au10tixDetectorManager (3.9.0):
    - Au10tixCore
  - Au10tixPassiveFaceLivenessKit (3.9.0):
    - Au10tixCore
    - Au10tixDetectorManager
    - Au10tixSourceManager
  - Au10tixPassiveFaceLivenessUI (3.9.0):
    - Au10tixBaseUI
    - Au10tixPassiveFaceLivenessKit
  - Au10tixSmartDocumentCaptureKit (3.9.0):
    - Au10tixCore
    - Au10tixDetectorManager
    - Au10tixSourceManager
  - Au10tixSmartDocumentCaptureUI (3.9.0):
    - Au10tixBaseUI
    - Au10tixSmartDocumentCaptureKit
  - Au10tixSourceManager (3.9.0):
    - Au10tixCore
  - Flutter (1.0.0)
  - image_picker_ios (0.0.1):
    - Flutter
  - permission_handler_apple (9.0.4):
    - Flutter
  - sdk_core_flutter (0.0.1):
    - Au10tixBaseUI (= 3.9.0)
    - Au10tixCore (= 3.9.0)
    - Au10tixDetectorManager (= 3.9.0)
    - Au10tixSourceManager (= 3.9.0)
    - Flutter
  - sdk_pfl_flutter (0.0.1):
    - Au10tixPassiveFaceLivenessKit (= 3.9.0)
    - Au10tixPassiveFaceLivenessUI (= 3.9.0)
    - Flutter
    - sdk_core_flutter
  - sdk_sdc_flutter (0.0.1):
    - Au10tixSmartDocumentCaptureKit (= 3.9.0)
    - Au10tixSmartDocumentCaptureUI (= 3.9.0)
    - Flutter
    - sdk_core_flutter

DEPENDENCIES:
  - Flutter (from `Flutter`)
  - image_picker_ios (from `.symlinks/plugins/image_picker_ios/ios`)
  - permission_handler_apple (from `.symlinks/plugins/permission_handler_apple/ios`)
  - sdk_core_flutter (from `.symlinks/plugins/sdk_core_flutter/ios`)
  - sdk_pfl_flutter (from `.symlinks/plugins/sdk_pfl_flutter/ios`)
  - sdk_sdc_flutter (from `.symlinks/plugins/sdk_sdc_flutter/ios`)

SPEC REPOS:
  https://github.com/au10tixmobile/iOS_Artifacts_cocoapods_spec.git:
    - Au10tixBaseUI
    - Au10tixCore
    - Au10tixDetectorManager
    - Au10tixPassiveFaceLivenessKit
    - Au10tixPassiveFaceLivenessUI
    - Au10tixSmartDocumentCaptureKit
    - Au10tixSmartDocumentCaptureUI
    - Au10tixSourceManager

EXTERNAL SOURCES:
  Flutter:
    :path: Flutter
  image_picker_ios:
    :path: ".symlinks/plugins/image_picker_ios/ios"
  permission_handler_apple:
    :path: ".symlinks/plugins/permission_handler_apple/ios"
  sdk_core_flutter:
    :path: ".symlinks/plugins/sdk_core_flutter/ios"
  sdk_pfl_flutter:
    :path: ".symlinks/plugins/sdk_pfl_flutter/ios"
  sdk_sdc_flutter:
    :path: ".symlinks/plugins/sdk_sdc_flutter/ios"

SPEC CHECKSUMS:
  Au10tixBaseUI: 8e5f0cd6aaed3e725685d821c633464d1e8235f1
  Au10tixCore: 8617d75593e7de72031959a9e73f5013a7c2d95a
  Au10tixDetectorManager: e5e0932760c6a6cc521482dfd55778a9807eafcd
  Au10tixPassiveFaceLivenessKit: d501297bc6131ab9842d9a2ad06b437617cfb9c5
  Au10tixPassiveFaceLivenessUI: a1ecce5bac991567fb24a1a26d413a65129e021d
  Au10tixSmartDocumentCaptureKit: 852e6124aa40d172b54da197a770dcb3cd533f02
  Au10tixSmartDocumentCaptureUI: 47486600639684116069c5bd8f6ccd53bc8f92f4
  Au10tixSourceManager: 3c67f4e7d41ae5820e3d649339e0609d19ccf1a4
  Flutter: f04841e97a9d0b0a8025694d0796dd46242b2854
  image_picker_ios: b786a5dcf033a8336a657191401bfdf12017dabb
  permission_handler_apple: 44366e37eaf29454a1e7b1b7d736c2cceaeb17ce
  sdk_core_flutter: 4d3dcb31b0b737bdd86c64b60587cf7d74740c87
  sdk_pfl_flutter: bc84aad141f0875e9625a505a503bd707af04dfb
  sdk_sdc_flutter: 12f02fb83f26fc3532334b2f716c0213bce00638

PODFILE CHECKSUM: 8f7363fb8243a2ae318e66a6dac02af26dcde14f

COCOAPODS: 1.11.3
