PODS:
  - Au10tixBaseUI (3.23.0):
    - Au10tixCore
  - Au10tixCore (3.23.0)
  - Au10tixDetectorManager (3.23.0):
    - Au10tixCore
  - Au10tixPassiveFaceLivenessKit (3.23.0):
    - Au10tixCore
    - Au10tixDetectorManager
    - Au10tixSourceManager
  - Au10tixPassiveFaceLivenessUI (3.23.0):
    - Au10tixBaseUI
    - Au10tixPassiveFaceLivenessKit
  - Au10tixSmartDocumentCaptureKit (3.23.0):
    - Au10tixCore
    - Au10tixDetectorManager
    - Au10tixSourceManager
  - Au10tixSmartDocumentCaptureUI (3.23.0):
    - Au10tixBaseUI
    - Au10tixSmartDocumentCaptureKit
  - Au10tixSourceManager (3.23.0):
    - Au10tixCore
  - Flutter (1.0.0)
  - image_picker_ios (0.0.1):
    - Flutter
  - permission_handler_apple (9.1.1):
    - Flutter
  - sdk_core_flutter (0.0.1):
    - Au10tixBaseUI (= 3.23.0)
    - Au10tixCore (= 3.23.0)
    - Au10tixDetectorManager (= 3.23.0)
    - Au10tixSourceManager (= 3.23.0)
    - Flutter
  - sdk_pfl_flutter (0.0.1):
    - Au10tixPassiveFaceLivenessKit (= 3.23.0)
    - Au10tixPassiveFaceLivenessUI (= 3.23.0)
    - Flutter
    - sdk_core_flutter
  - sdk_sdc_flutter (0.0.1):
    - Au10tixSmartDocumentCaptureKit (= 3.23.0)
    - Au10tixSmartDocumentCaptureUI (= 3.23.0)
    - Flutter
    - sdk_core_flutter

DEPENDENCIES:
  - Flutter (from `Flutter`)
  - image_picker_ios (from `.symlinks/plugins/image_picker_ios/ios`)
  - permission_handler_apple (from `.symlinks/plugins/permission_handler_apple/ios`)
  - sdk_core_flutter (from `.symlinks/plugins/sdk_core_flutter/ios`)
  - sdk_pfl_flutter (from `.symlinks/plugins/sdk_pfl_flutter/ios`)
  - sdk_sdc_flutter (from `.symlinks/plugins/sdk_sdc_flutter/ios`)

SPEC REPOS:
  https://github.com/au10tixmobile/iOS_Artifacts_cocoapods_spec.git:
    - Au10tixBaseUI
    - Au10tixCore
    - Au10tixDetectorManager
    - Au10tixPassiveFaceLivenessKit
    - Au10tixPassiveFaceLivenessUI
    - Au10tixSmartDocumentCaptureKit
    - Au10tixSmartDocumentCaptureUI
    - Au10tixSourceManager

EXTERNAL SOURCES:
  Flutter:
    :path: Flutter
  image_picker_ios:
    :path: ".symlinks/plugins/image_picker_ios/ios"
  permission_handler_apple:
    :path: ".symlinks/plugins/permission_handler_apple/ios"
  sdk_core_flutter:
    :path: ".symlinks/plugins/sdk_core_flutter/ios"
  sdk_pfl_flutter:
    :path: ".symlinks/plugins/sdk_pfl_flutter/ios"
  sdk_sdc_flutter:
    :path: ".symlinks/plugins/sdk_sdc_flutter/ios"

SPEC CHECKSUMS:
  Au10tixBaseUI: a2eec6c507b600d0f57ca5a3284e2fb6f2bab7d9
  Au10tixCore: f9b3def2143ede268169fcb9b28e2a19ed38ff18
  Au10tixDetectorManager: 297b6989b2130dae6f638432092be53d0ff86d9c
  Au10tixPassiveFaceLivenessKit: e860f95df4eeaf52ff5326d479cde8e156135814
  Au10tixPassiveFaceLivenessUI: cf6a54c2e0c694058a2f79e977c575fb5910e60c
  Au10tixSmartDocumentCaptureKit: 0350eab6d6ce94fb4a157f72780cd47da7dbbdb5
  Au10tixSmartDocumentCaptureUI: c909debbcbbba97e749d050508652d63fb330883
  Au10tixSourceManager: 943e379cfd15b64a9bbc3b85ee787142fac8c99e
  Flutter: f04841e97a9d0b0a8025694d0796dd46242b2854
  image_picker_ios: 4a8aadfbb6dc30ad5141a2ce3832af9214a705b5
  permission_handler_apple: e76247795d700c14ea09e3a2d8855d41ee80a2e6
  sdk_core_flutter: d3188bb40f1cd03748eac8f4f0d4f08eb37ea7ab
  sdk_pfl_flutter: 2f61ede31b97b785f1b3baa4a548c33006d241c3
  sdk_sdc_flutter: e0413b728208778826b96d57dfa6aab52f280b55

PODFILE CHECKSUM: 8f7363fb8243a2ae318e66a6dac02af26dcde14f

COCOAPODS: 1.11.3
